
Microsoft Visual Studio Solution File, Format Version 12.00
# Visual Studio Version 17
VisualStudioVersion = 17.14.36414.22 d17.14
MinimumVisualStudioVersion = 10.0.40219.1
Project("{FAE04EC0-301F-11D3-BF4B-00C04F79EFBC}") = "Mallozzi-Anthony-a3-2D-Game", "Mallozzi-Anthony-a3-2D-Game\Mallozzi-Anthony-a3-2D-Game.csproj", "{9C507851-2E5E-45EF-BFDA-4951DA3E5BB1}"
EndProject
Global
	GlobalSection(SolutionConfigurationPlatforms) = preSolution
		Debug|Any CPU = Debug|Any CPU
		Release|Any CPU = Release|Any CPU
	EndGlobalSection
	GlobalSection(ProjectConfigurationPlatforms) = postSolution
		{9C507851-2E5E-45EF-BFDA-4951DA3E5BB1}.Debug|Any CPU.ActiveCfg = Debug|Any CPU
		{9C507851-2E5E-45EF-BFDA-4951DA3E5BB1}.Debug|Any CPU.Build.0 = Debug|Any CPU
		{9C507851-2E5E-45EF-BFDA-4951DA3E5BB1}.Release|Any CPU.ActiveCfg = Release|Any CPU
		{9C507851-2E5E-45EF-BFDA-4951DA3E5BB1}.Release|Any CPU.Build.0 = Release|Any CPU
	EndGlobalSection
	GlobalSection(SolutionProperties) = preSolution
		HideSolutionNode = FALSE
	EndGlobalSection
	GlobalSection(ExtensibilityGlobals) = postSolution
		SolutionGuid = {767639FE-CB12-4148-AB7B-FAF2B91AA02B}
	EndGlobalSection
EndGlobal
